
Microsoft Visual Studio Solution File, Format Version 12.00
# Visual Studio 15
VisualStudioVersion = 15.0.27428.2027
MinimumVisualStudioVersion = 10.0.40219.1
Project("{FAE04EC0-301F-11D3-BF4B-00C04F79EFBC}") = "Singleton", "Singleton\Singleton.csproj", "{67A4E836-6F80-455C-83E7-786DA44CA142}"
EndProject
Project("{FAE04EC0-301F-11D3-BF4B-00C04F79EFBC}") = "Singleton_Extended", "Singleton_Extended\Singleton_Extended.csproj", "{432C1C5D-EB85-41C2-95FA-85DB2C559135}"
EndProject
Project("{FAE04EC0-301F-11D3-BF4B-00C04F79EFBC}") = "AbstractFactory", "AbstractFactory\AbstractFactory.csproj", "{D41E640F-D27A-4403-9236-D5B0565FE868}"
EndProject
Global
	GlobalSection(SolutionConfigurationPlatforms) = preSolution
		Debug|Any CPU = Debug|Any CPU
		Release|Any CPU = Release|Any CPU
	EndGlobalSection
	GlobalSection(ProjectConfigurationPlatforms) = postSolution
		{67A4E836-6F80-455C-83E7-786DA44CA142}.Debug|Any CPU.ActiveCfg = Debug|Any CPU
		{67A4E836-6F80-455C-83E7-786DA44CA142}.Debug|Any CPU.Build.0 = Debug|Any CPU
		{67A4E836-6F80-455C-83E7-786DA44CA142}.Release|Any CPU.ActiveCfg = Release|Any CPU
		{67A4E836-6F80-455C-83E7-786DA44CA142}.Release|Any CPU.Build.0 = Release|Any CPU
		{432C1C5D-EB85-41C2-95FA-85DB2C559135}.Debug|Any CPU.ActiveCfg = Debug|Any CPU
		{432C1C5D-EB85-41C2-95FA-85DB2C559135}.Debug|Any CPU.Build.0 = Debug|Any CPU
		{432C1C5D-EB85-41C2-95FA-85DB2C559135}.Release|Any CPU.ActiveCfg = Release|Any CPU
		{432C1C5D-EB85-41C2-95FA-85DB2C559135}.Release|Any CPU.Build.0 = Release|Any CPU
		{D41E640F-D27A-4403-9236-D5B0565FE868}.Debug|Any CPU.ActiveCfg = Debug|Any CPU
		{D41E640F-D27A-4403-9236-D5B0565FE868}.Debug|Any CPU.Build.0 = Debug|Any CPU
		{D41E640F-D27A-4403-9236-D5B0565FE868}.Release|Any CPU.ActiveCfg = Release|Any CPU
		{D41E640F-D27A-4403-9236-D5B0565FE868}.Release|Any CPU.Build.0 = Release|Any CPU
	EndGlobalSection
	GlobalSection(SolutionProperties) = preSolution
		HideSolutionNode = FALSE
	EndGlobalSection
	GlobalSection(ExtensibilityGlobals) = postSolution
		SolutionGuid = {80ACAD06-3FD1-4367-ADBE-C3A7CB6CEE6A}
	EndGlobalSection
EndGlobal
